
Microsoft Visual Studio Solution File, Format Version 12.00
# Visual Studio Version 17
VisualStudioVersion = 17.4.33213.308
MinimumVisualStudioVersion = 10.0.40219.1
Project("{FAE04EC0-301F-11D3-BF4B-00C04F79EFBC}") = "FractalSurface", "FractalSurface\FractalSurface.csproj", "{A8E3B7F8-ED20-41B4-9AE3-1E19E823A682}"
EndProject
Global
	GlobalSection(SolutionConfigurationPlatforms) = preSolution
		Debug|Any CPU = Debug|Any CPU
		Release|Any CPU = Release|Any CPU
	EndGlobalSection
	GlobalSection(ProjectConfigurationPlatforms) = postSolution
		{A8E3B7F8-ED20-41B4-9AE3-1E19E823A682}.Debug|Any CPU.ActiveCfg = Debug|Any CPU
		{A8E3B7F8-ED20-41B4-9AE3-1E19E823A682}.Debug|Any CPU.Build.0 = Debug|Any CPU
		{A8E3B7F8-ED20-41B4-9AE3-1E19E823A682}.Release|Any CPU.ActiveCfg = Release|Any CPU
		{A8E3B7F8-ED20-41B4-9AE3-1E19E823A682}.Release|Any CPU.Build.0 = Release|Any CPU
	EndGlobalSection
	GlobalSection(SolutionProperties) = preSolution
		HideSolutionNode = FALSE
	EndGlobalSection
	GlobalSection(ExtensibilityGlobals) = postSolution
		SolutionGuid = {0C133204-AB95-494D-B026-CBD65EDCB789}
	EndGlobalSection
EndGlobal
